
Microsoft Visual Studio Solution File, Format Version 12.00
# Visual Studio Version 17
VisualStudioVersion = 17.12.35506.116
MinimumVisualStudioVersion = 10.0.40219.1
Project("{2150E333-8FDC-42A3-9474-1A3956D46DE8}") = "Services", "Services", "{BC817DE3-0B5C-4909-BB95-DDAF4441D886}"
EndProject
Project("{2150E333-8FDC-42A3-9474-1A3956D46DE8}") = "Catalog", "Catalog", "{E0EBDD85-D4EA-4949-B8F8-0CFE7F1BB610}"
EndProject
Project("{FAE04EC0-301F-11D3-BF4B-00C04F79EFBC}") = "Catalog.API", "Services\Catalog\Catalog.API\Catalog.API.csproj", "{F54DB190-78B6-47C4-BDD3-3FDC72BCFE4A}"
EndProject
Global
	GlobalSection(SolutionConfigurationPlatforms) = preSolution
		Debug|Any CPU = Debug|Any CPU
		Release|Any CPU = Release|Any CPU
	EndGlobalSection
	GlobalSection(ProjectConfigurationPlatforms) = postSolution
		{F54DB190-78B6-47C4-BDD3-3FDC72BCFE4A}.Debug|Any CPU.ActiveCfg = Debug|Any CPU
		{F54DB190-78B6-47C4-BDD3-3FDC72BCFE4A}.Debug|Any CPU.Build.0 = Debug|Any CPU
		{F54DB190-78B6-47C4-BDD3-3FDC72BCFE4A}.Release|Any CPU.ActiveCfg = Release|Any CPU
		{F54DB190-78B6-47C4-BDD3-3FDC72BCFE4A}.Release|Any CPU.Build.0 = Release|Any CPU
	EndGlobalSection
	GlobalSection(SolutionProperties) = preSolution
		HideSolutionNode = FALSE
	EndGlobalSection
	GlobalSection(NestedProjects) = preSolution
		{E0EBDD85-D4EA-4949-B8F8-0CFE7F1BB610} = {BC817DE3-0B5C-4909-BB95-DDAF4441D886}
		{F54DB190-78B6-47C4-BDD3-3FDC72BCFE4A} = {E0EBDD85-D4EA-4949-B8F8-0CFE7F1BB610}
	EndGlobalSection
EndGlobal
