
Microsoft Visual Studio Solution File, Format Version 12.00
# Visual Studio Version 17
VisualStudioVersion = 17.12.35506.116
MinimumVisualStudioVersion = 10.0.40219.1
Project("{2150E333-8FDC-42A3-9474-1A3956D46DE8}") = "Services", "Services", "{BC817DE3-0B5C-4909-BB95-DDAF4441D886}"
EndProject
Project("{2150E333-8FDC-42A3-9474-1A3956D46DE8}") = "Catalog", "Catalog", "{E0EBDD85-D4EA-4949-B8F8-0CFE7F1BB610}"
EndProject
Project("{FAE04EC0-301F-11D3-BF4B-00C04F79EFBC}") = "Catalog.API", "Services\Catalog\Catalog.API\Catalog.API.csproj", "{F54DB190-78B6-47C4-BDD3-3FDC72BCFE4A}"
EndProject
Project("{2150E333-8FDC-42A3-9474-1A3956D46DE8}") = "BuildingBlocks", "BuildingBlocks", "{1EE2CDCC-B1B2-4AD3-AE52-C55CD9298B23}"
EndProject
Project("{FAE04EC0-301F-11D3-BF4B-00C04F79EFBC}") = "BuildingBlocks", "BuildingBlocks\BuildingBlocks\BuildingBlocks.csproj", "{8E75AA1C-34B2-497E-9BF1-7BBE30693A71}"
EndProject
Project("{E53339B2-1760-4266-BCC7-CA923CBCF16C}") = "docker-compose", "docker-compose.dcproj", "{B0E4B389-C4FF-4519-AD1F-7F9B730B2FEB}"
EndProject
Project("{2150E333-8FDC-42A3-9474-1A3956D46DE8}") = "Basket", "Basket", "{1E24252C-0065-4C2A-841E-E3A74F72BB47}"
EndProject
Project("{FAE04EC0-301F-11D3-BF4B-00C04F79EFBC}") = "Basket.API", "Services\Basket\Basket.API\Basket.API.csproj", "{AA3D7F0D-F629-415D-9BB4-A08C218B07D6}"
EndProject
Global
	GlobalSection(SolutionConfigurationPlatforms) = preSolution
		Debug|Any CPU = Debug|Any CPU
		Release|Any CPU = Release|Any CPU
	EndGlobalSection
	GlobalSection(ProjectConfigurationPlatforms) = postSolution
		{F54DB190-78B6-47C4-BDD3-3FDC72BCFE4A}.Debug|Any CPU.ActiveCfg = Debug|Any CPU
		{F54DB190-78B6-47C4-BDD3-3FDC72BCFE4A}.Debug|Any CPU.Build.0 = Debug|Any CPU
		{F54DB190-78B6-47C4-BDD3-3FDC72BCFE4A}.Release|Any CPU.ActiveCfg = Release|Any CPU
		{F54DB190-78B6-47C4-BDD3-3FDC72BCFE4A}.Release|Any CPU.Build.0 = Release|Any CPU
		{8E75AA1C-34B2-497E-9BF1-7BBE30693A71}.Debug|Any CPU.ActiveCfg = Debug|Any CPU
		{8E75AA1C-34B2-497E-9BF1-7BBE30693A71}.Debug|Any CPU.Build.0 = Debug|Any CPU
		{8E75AA1C-34B2-497E-9BF1-7BBE30693A71}.Release|Any CPU.ActiveCfg = Release|Any CPU
		{8E75AA1C-34B2-497E-9BF1-7BBE30693A71}.Release|Any CPU.Build.0 = Release|Any CPU
		{B0E4B389-C4FF-4519-AD1F-7F9B730B2FEB}.Debug|Any CPU.ActiveCfg = Debug|Any CPU
		{B0E4B389-C4FF-4519-AD1F-7F9B730B2FEB}.Debug|Any CPU.Build.0 = Debug|Any CPU
		{B0E4B389-C4FF-4519-AD1F-7F9B730B2FEB}.Release|Any CPU.ActiveCfg = Release|Any CPU
		{B0E4B389-C4FF-4519-AD1F-7F9B730B2FEB}.Release|Any CPU.Build.0 = Release|Any CPU
		{AA3D7F0D-F629-415D-9BB4-A08C218B07D6}.Debug|Any CPU.ActiveCfg = Debug|Any CPU
		{AA3D7F0D-F629-415D-9BB4-A08C218B07D6}.Debug|Any CPU.Build.0 = Debug|Any CPU
		{AA3D7F0D-F629-415D-9BB4-A08C218B07D6}.Release|Any CPU.ActiveCfg = Release|Any CPU
		{AA3D7F0D-F629-415D-9BB4-A08C218B07D6}.Release|Any CPU.Build.0 = Release|Any CPU
	EndGlobalSection
	GlobalSection(SolutionProperties) = preSolution
		HideSolutionNode = FALSE
	EndGlobalSection
	GlobalSection(NestedProjects) = preSolution
		{E0EBDD85-D4EA-4949-B8F8-0CFE7F1BB610} = {BC817DE3-0B5C-4909-BB95-DDAF4441D886}
		{F54DB190-78B6-47C4-BDD3-3FDC72BCFE4A} = {E0EBDD85-D4EA-4949-B8F8-0CFE7F1BB610}
		{8E75AA1C-34B2-497E-9BF1-7BBE30693A71} = {1EE2CDCC-B1B2-4AD3-AE52-C55CD9298B23}
		{1E24252C-0065-4C2A-841E-E3A74F72BB47} = {BC817DE3-0B5C-4909-BB95-DDAF4441D886}
		{AA3D7F0D-F629-415D-9BB4-A08C218B07D6} = {1E24252C-0065-4C2A-841E-E3A74F72BB47}
	EndGlobalSection
EndGlobal
